
Microsoft Visual Studio Solution File, Format Version 12.00
# Visual Studio Version 16
VisualStudioVersion = 16.0.810.21
MinimumVisualStudioVersion = 10.0.40219.1
Project("{FAE04EC0-301F-11D3-BF4B-00C04F79EFBC}") = "PostalCodeList_DL", "PostalCodeList_DL.csproj", "{7124A7C3-2297-41F2-B4EE-48038A03CEA4}"
EndProject
Global
	GlobalSection(SolutionConfigurationPlatforms) = preSolution
		Debug|Any CPU = Debug|Any CPU
		Release|Any CPU = Release|Any CPU
	EndGlobalSection
	GlobalSection(ProjectConfigurationPlatforms) = postSolution
		{7124A7C3-2297-41F2-B4EE-48038A03CEA4}.Debug|Any CPU.ActiveCfg = Debug|Any CPU
		{7124A7C3-2297-41F2-B4EE-48038A03CEA4}.Debug|Any CPU.Build.0 = Debug|Any CPU
		{7124A7C3-2297-41F2-B4EE-48038A03CEA4}.Release|Any CPU.ActiveCfg = Release|Any CPU
		{7124A7C3-2297-41F2-B4EE-48038A03CEA4}.Release|Any CPU.Build.0 = Release|Any CPU
	EndGlobalSection
	GlobalSection(SolutionProperties) = preSolution
		HideSolutionNode = FALSE
	EndGlobalSection
	GlobalSection(ExtensibilityGlobals) = postSolution
		SolutionGuid = {552AB1D2-A31C-4789-944E-80EDC5DBD0BA}
	EndGlobalSection
EndGlobal
